{
  "version": 4,
  "terraform_version": "1.9.8",
  "serial": 93,
  "lineage": "3a6b9af9-5db4-178c-6fe7-c415106fa7b0",
  "outputs": {},
  "resources": [
    {
      "mode": "managed",
      "type": "azurerm_app_service_virtual_network_swift_connection",
      "name": "qc_app",
      "provider": "provider[\"registry.terraform.io/hashicorp/azurerm\"]",
      "instances": [
        {
          "schema_version": 0,
          "attributes": {
            "app_service_id": "/subscriptions/4d1dfefd-14f4-460e-810b-861a3d7917c3/resourceGroups/rg-appservice-agw-private/providers/Microsoft.Web/sites/webapp-private-demo-q8xvsb",
            "id": "/subscriptions/4d1dfefd-14f4-460e-810b-861a3d7917c3/resourceGroups/rg-appservice-agw-private/providers/Microsoft.Web/sites/webapp-private-demo-q8xvsb/config/virtualNetwork",
            "subnet_id": "/subscriptions/4d1dfefd-14f4-460e-810b-861a3d7917c3/resourceGroups/rg-appservice-agw-private/providers/Microsoft.Network/virtualNetworks/vnet-app/subnets/webapp-subnet",
            "timeouts": null
          },
          "sensitive_attributes": [],
          "private": "eyJlMmJmYjczMC1lY2FhLTExZTYtOGY4OC0zNDM2M2JjN2M0YzAiOnsiY3JlYXRlIjoxODAwMDAwMDAwMDAwLCJkZWxldGUiOjE4MDAwMDAwMDAwMDAsInJlYWQiOjMwMDAwMDAwMDAwMCwidXBkYXRlIjoxODAwMDAwMDAwMDAwfX0=",
          "dependencies": [
            "azurerm_linux_web_app.webapp",
            "azurerm_postgresql_flexible_server.postgres_qc",
            "azurerm_private_dns_zone.pg_dns",
            "azurerm_resource_group.rg",
            "azurerm_service_plan.plan",
            "azurerm_subnet.pg_subnet",
            "azurerm_subnet.webapp_subnet",
            "azurerm_virtual_network.vnet",
            "random_string.webapp_suffix"
          ]
        }
      ]
    },
    {
      "mode": "managed",
      "type": "azurerm_application_gateway",
      "name": "agw",
      "provider": "provider[\"registry.terraform.io/hashicorp/azurerm\"]",
      "instances": [
        {
          "schema_version": 0,
          "attributes": {
            "authentication_certificate": [],
            "autoscale_configuration": [],
            "backend_address_pool": [
              {
                "fqdns": [
                  "webapp-private-demo-q8xvsb.azurewebsites.net"
                ],
                "id": "/subscriptions/4d1dfefd-14f4-460e-810b-861a3d7917c3/resourceGroups/rg-appservice-agw-private/providers/Microsoft.Network/applicationGateways/appgateway-demo/backendAddressPools/backend-pool",
                "ip_addresses": [],
                "name": "backend-pool"
              }
            ],
            "backend_http_settings": [
              {
                "affinity_cookie_name": "",
                "authentication_certificate": [],
                "connection_draining": [],
                "cookie_based_affinity": "Disabled",
                "host_name": "webapp-private-demo-q8xvsb.azurewebsites.net",
                "id": "/subscriptions/4d1dfefd-14f4-460e-810b-861a3d7917c3/resourceGroups/rg-appservice-agw-private/providers/Microsoft.Network/applicationGateways/appgateway-demo/backendHttpSettingsCollection/http-settings",
                "name": "http-settings",
                "path": "",
                "pick_host_name_from_backend_address": false,
                "port": 80,
                "probe_id": "/subscriptions/4d1dfefd-14f4-460e-810b-861a3d7917c3/resourceGroups/rg-appservice-agw-private/providers/Microsoft.Network/applicationGateways/appgateway-demo/probes/qc-health-probe",
                "probe_name": "qc-health-probe",
                "protocol": "Http",
                "request_timeout": 30,
                "trusted_root_certificate_names": []
              }
            ],
            "custom_error_configuration": [],
            "enable_http2": false,
            "fips_enabled": false,
            "firewall_policy_id": "",
            "force_firewall_policy_association": false,
            "frontend_ip_configuration": [
              {
                "id": "/subscriptions/4d1dfefd-14f4-460e-810b-861a3d7917c3/resourceGroups/rg-appservice-agw-private/providers/Microsoft.Network/applicationGateways/appgateway-demo/frontendIPConfigurations/frontend-config",
                "name": "frontend-config",
                "private_ip_address": "",
                "private_ip_address_allocation": "Dynamic",
                "private_link_configuration_id": "",
                "private_link_configuration_name": "",
                "public_ip_address_id": "/subscriptions/4d1dfefd-14f4-460e-810b-861a3d7917c3/resourceGroups/rg-appservice-agw-private/providers/Microsoft.Network/publicIPAddresses/agw-public-ip",
                "subnet_id": ""
              }
            ],
            "frontend_port": [
              {
                "id": "/subscriptions/4d1dfefd-14f4-460e-810b-861a3d7917c3/resourceGroups/rg-appservice-agw-private/providers/Microsoft.Network/applicationGateways/appgateway-demo/frontendPorts/frontend-port",
                "name": "frontend-port",
                "port": 80
              }
            ],
            "gateway_ip_configuration": [
              {
                "id": "/subscriptions/4d1dfefd-14f4-460e-810b-861a3d7917c3/resourceGroups/rg-appservice-agw-private/providers/Microsoft.Network/applicationGateways/appgateway-demo/gatewayIPConfigurations/gateway-ip-config",
                "name": "gateway-ip-config",
                "subnet_id": "/subscriptions/4d1dfefd-14f4-460e-810b-861a3d7917c3/resourceGroups/rg-appservice-agw-private/providers/Microsoft.Network/virtualNetworks/vnet-app/subnets/agw-subnet"
              }
            ],
            "global": [],
            "http_listener": [
              {
                "custom_error_configuration": [],
                "firewall_policy_id": "",
                "frontend_ip_configuration_id": "/subscriptions/4d1dfefd-14f4-460e-810b-861a3d7917c3/resourceGroups/rg-appservice-agw-private/providers/Microsoft.Network/applicationGateways/appgateway-demo/frontendIPConfigurations/frontend-config",
                "frontend_ip_configuration_name": "frontend-config",
                "frontend_port_id": "/subscriptions/4d1dfefd-14f4-460e-810b-861a3d7917c3/resourceGroups/rg-appservice-agw-private/providers/Microsoft.Network/applicationGateways/appgateway-demo/frontendPorts/frontend-port",
                "frontend_port_name": "frontend-port",
                "host_name": "",
                "host_names": [],
                "id": "/subscriptions/4d1dfefd-14f4-460e-810b-861a3d7917c3/resourceGroups/rg-appservice-agw-private/providers/Microsoft.Network/applicationGateways/appgateway-demo/httpListeners/http-listener",
                "name": "http-listener",
                "protocol": "Http",
                "require_sni": false,
                "ssl_certificate_id": "",
                "ssl_certificate_name": "",
                "ssl_profile_id": "",
                "ssl_profile_name": ""
              }
            ],
            "id": "/subscriptions/4d1dfefd-14f4-460e-810b-861a3d7917c3/resourceGroups/rg-appservice-agw-private/providers/Microsoft.Network/applicationGateways/appgateway-demo",
            "identity": [],
            "location": "canadacentral",
            "name": "appgateway-demo",
            "private_endpoint_connection": [],
            "private_link_configuration": [],
            "probe": [
              {
                "host": "webapp-private-demo-q8xvsb.azurewebsites.net",
                "id": "/subscriptions/4d1dfefd-14f4-460e-810b-861a3d7917c3/resourceGroups/rg-appservice-agw-private/providers/Microsoft.Network/applicationGateways/appgateway-demo/probes/qc-health-probe",
                "interval": 30,
                "match": [
                  {
                    "body": "",
                    "status_code": [
                      "200-399"
                    ]
                  }
                ],
                "minimum_servers": 0,
                "name": "qc-health-probe",
                "path": "/",
                "pick_host_name_from_backend_http_settings": false,
                "port": 0,
                "protocol": "Http",
                "timeout": 60,
                "unhealthy_threshold": 3
              }
            ],
            "redirect_configuration": [],
            "request_routing_rule": [
              {
                "backend_address_pool_id": "/subscriptions/4d1dfefd-14f4-460e-810b-861a3d7917c3/resourceGroups/rg-appservice-agw-private/providers/Microsoft.Network/applicationGateways/appgateway-demo/backendAddressPools/backend-pool",
                "backend_address_pool_name": "backend-pool",
                "backend_http_settings_id": "/subscriptions/4d1dfefd-14f4-460e-810b-861a3d7917c3/resourceGroups/rg-appservice-agw-private/providers/Microsoft.Network/applicationGateways/appgateway-demo/backendHttpSettingsCollection/http-settings",
                "backend_http_settings_name": "http-settings",
                "http_listener_id": "/subscriptions/4d1dfefd-14f4-460e-810b-861a3d7917c3/resourceGroups/rg-appservice-agw-private/providers/Microsoft.Network/applicationGateways/appgateway-demo/httpListeners/http-listener",
                "http_listener_name": "http-listener",
                "id": "/subscriptions/4d1dfefd-14f4-460e-810b-861a3d7917c3/resourceGroups/rg-appservice-agw-private/providers/Microsoft.Network/applicationGateways/appgateway-demo/requestRoutingRules/rule1",
                "name": "rule1",
                "priority": 11,
                "redirect_configuration_id": "",
                "redirect_configuration_name": "",
                "rewrite_rule_set_id": "",
                "rewrite_rule_set_name": "",
                "rule_type": "Basic",
                "url_path_map_id": "",
                "url_path_map_name": ""
              }
            ],
            "resource_group_name": "rg-appservice-agw-private",
            "rewrite_rule_set": [],
            "sku": [
              {
                "capacity": 1,
                "name": "Standard_v2",
                "tier": "Standard_v2"
              }
            ],
            "ssl_certificate": [],
            "ssl_policy": [
              {
                "cipher_suites": [],
                "disabled_protocols": [],
                "min_protocol_version": "",
                "policy_name": "AppGwSslPolicy20150501",
                "policy_type": "Predefined"
              }
            ],
            "ssl_profile": [],
            "tags": {},
            "timeouts": null,
            "trusted_client_certificate": [],
            "trusted_root_certificate": [],
            "url_path_map": [],
            "waf_configuration": [],
            "zones": []
          },
          "sensitive_attributes": [],
          "private": "eyJlMmJmYjczMC1lY2FhLTExZTYtOGY4OC0zNDM2M2JjN2M0YzAiOnsiY3JlYXRlIjo1NDAwMDAwMDAwMDAwLCJkZWxldGUiOjU0MDAwMDAwMDAwMDAsInJlYWQiOjMwMDAwMDAwMDAwMCwidXBkYXRlIjo1NDAwMDAwMDAwMDAwfX0=",
          "dependencies": [
            "azurerm_linux_web_app.webapp",
            "azurerm_postgresql_flexible_server.postgres_qc",
            "azurerm_private_dns_zone.pg_dns",
            "azurerm_private_dns_zone.webapp_dns",
            "azurerm_private_endpoint.webapp_pe",
            "azurerm_public_ip.agw_pip",
            "azurerm_resource_group.rg",
            "azurerm_service_plan.plan",
            "azurerm_subnet.agw_subnet",
            "azurerm_subnet.pe_subnet",
            "azurerm_subnet.pg_subnet",
            "azurerm_virtual_network.vnet",
            "random_string.webapp_suffix"
          ]
        }
      ]
    },
    {
      "mode": "managed",
      "type": "azurerm_linux_web_app",
      "name": "webapp",
      "provider": "provider[\"registry.terraform.io/hashicorp/azurerm\"]",
      "instances": [
        {
          "schema_version": 1,
          "attributes": {
            "app_settings": {
              "AUTH_CLIENT_ID": "query-connector",
              "AUTH_DISABLED": "true",
              "AUTH_ISSUER": "https://login.microsoftonline.com/your-tenant-id/v2.0",
              "AUTH_SECRET": "1234455fjdkfjdllkskj",
              "DATABASE_URL": "postgres://pgadmin:MySecureP@ss123@pgflexserverdemo.postgres.database.azure.com:5432/qc_db?sslmode=require",
              "ENTRA_TENANT_ID": "value",
              "ERSD_API_KEY": "value",
              "FLYWAY_PASSWORD": "MySecureP@ss123",
              "FLYWAY_URL": "jdbc:postgresql://pgflexserverdemo.postgres.database.azure.com:5432/qc_db",
              "FLYWAY_USER": "pgadmin",
              "NEXT_PUBLIC_AUTH_PROVIDER": "microsoft-entra-id",
              "UMLS_API_KEY": "value",
              "WEBSITES_PORT": "3000",
              "cred_manager": "undefined",
              "fhir_url": "undefined"
            },
            "auth_settings": [],
            "auth_settings_v2": [],
            "backup": [],
            "client_affinity_enabled": false,
            "client_certificate_enabled": false,
            "client_certificate_exclusion_paths": "",
            "client_certificate_mode": "Required",
            "connection_string": [],
            "custom_domain_verification_id": "4C388BBA0DE1654D8A1CA36B7BC65FFAE9EBB55A299C10D5FCBC0A8EEFAC91FD",
            "default_hostname": "webapp-private-demo-q8xvsb.azurewebsites.net",
            "enabled": true,
            "ftp_publish_basic_authentication_enabled": true,
            "hosting_environment_id": "",
            "https_only": true,
            "id": "/subscriptions/4d1dfefd-14f4-460e-810b-861a3d7917c3/resourceGroups/rg-appservice-agw-private/providers/Microsoft.Web/sites/webapp-private-demo-q8xvsb",
            "identity": [
              {
                "identity_ids": [],
                "principal_id": "f2369953-9c93-4f76-bdf9-8659c928f583",
                "tenant_id": "734f2dde-0c15-4692-a47f-4576d61531d6",
                "type": "SystemAssigned"
              }
            ],
            "key_vault_reference_identity_id": "SystemAssigned",
            "kind": "app,linux,container",
            "location": "canadacentral",
            "logs": [],
            "name": "webapp-private-demo-q8xvsb",
            "outbound_ip_address_list": [
              "40.85.254.37",
              "40.85.219.45",
              "40.85.223.56",
              "52.228.42.60",
              "52.228.42.28",
              "13.71.170.130"
            ],
            "outbound_ip_addresses": "40.85.254.37,40.85.219.45,40.85.223.56,52.228.42.60,52.228.42.28,13.71.170.130",
            "possible_outbound_ip_address_list": [
              "13.88.230.232",
              "13.88.229.172",
              "52.228.39.78",
              "13.71.191.27",
              "40.85.254.37",
              "40.85.219.45",
              "40.85.223.56",
              "52.228.42.60",
              "52.228.42.28",
              "20.220.138.125",
              "20.220.138.151",
              "20.220.138.166",
              "20.220.140.137",
              "20.220.140.186",
              "20.220.141.54",
              "20.220.156.238",
              "20.175.139.169",
              "20.175.139.175",
              "20.175.139.218",
              "20.175.140.16",
              "20.175.140.35",
              "13.71.170.130"
            ],
            "possible_outbound_ip_addresses": "13.88.230.232,13.88.229.172,52.228.39.78,13.71.191.27,40.85.254.37,40.85.219.45,40.85.223.56,52.228.42.60,52.228.42.28,20.220.138.125,20.220.138.151,20.220.138.166,20.220.140.137,20.220.140.186,20.220.141.54,20.220.156.238,20.175.139.169,20.175.139.175,20.175.139.218,20.175.140.16,20.175.140.35,13.71.170.130",
            "public_network_access_enabled": true,
            "resource_group_name": "rg-appservice-agw-private",
            "service_plan_id": "/subscriptions/4d1dfefd-14f4-460e-810b-861a3d7917c3/resourceGroups/rg-appservice-agw-private/providers/Microsoft.Web/serverFarms/appservice-plan-qc",
            "site_config": [
              {
                "always_on": true,
                "api_definition_url": "",
                "api_management_api_id": "",
                "app_command_line": "",
                "application_stack": [
                  {
                    "docker_image": "",
                    "docker_image_name": "cdcgov/dibbs-query-connector/query-connector:0.9.1",
                    "docker_image_tag": "",
                    "docker_registry_password": "",
                    "docker_registry_url": "https://ghcr.io",
                    "docker_registry_username": "",
                    "dotnet_version": "",
                    "go_version": "",
                    "java_server": "",
                    "java_server_version": "",
                    "java_version": "",
                    "node_version": "",
                    "php_version": "",
                    "python_version": "",
                    "ruby_version": ""
                  }
                ],
                "auto_heal_enabled": false,
                "auto_heal_setting": [],
                "container_registry_managed_identity_client_id": "",
                "container_registry_use_managed_identity": false,
                "cors": [],
                "default_documents": [
                  "Default.htm",
                  "Default.html",
                  "Default.asp",
                  "index.htm",
                  "index.html",
                  "iisstart.htm",
                  "default.aspx",
                  "index.php",
                  "hostingstart.html"
                ],
                "detailed_error_logging_enabled": false,
                "ftps_state": "Disabled",
                "health_check_eviction_time_in_min": 2,
                "health_check_path": "/",
                "http2_enabled": false,
                "ip_restriction": [],
                "ip_restriction_default_action": "Allow",
                "linux_fx_version": "DOCKER|ghcr.io/cdcgov/dibbs-query-connector/query-connector:0.9.1",
                "load_balancing_mode": "LeastRequests",
                "local_mysql_enabled": false,
                "managed_pipeline_mode": "Integrated",
                "minimum_tls_version": "1.2",
                "remote_debugging_enabled": false,
                "remote_debugging_version": "VS2022",
                "scm_ip_restriction": [],
                "scm_ip_restriction_default_action": "Allow",
                "scm_minimum_tls_version": "1.2",
                "scm_type": "None",
                "scm_use_main_ip_restriction": false,
                "use_32_bit_worker": true,
                "vnet_route_all_enabled": false,
                "websockets_enabled": false,
                "worker_count": 1
              }
            ],
            "site_credential": [
              {
                "name": "$webapp-private-demo-q8xvsb",
                "password": "WEAXEhEcevtF8KAfSlnfWwYf7tn32qm9tiXLfogeAZ80hGq7G25abNowl76a"
              }
            ],
            "sticky_settings": [],
            "storage_account": [],
            "tags": {},
            "timeouts": null,
            "virtual_network_subnet_id": "",
            "webdeploy_publish_basic_authentication_enabled": true,
            "zip_deploy_file": ""
          },
          "sensitive_attributes": [
            [
              {
                "type": "get_attr",
                "value": "custom_domain_verification_id"
              }
            ],
            [
              {
                "type": "get_attr",
                "value": "site_credential"
              }
            ],
            [
              {
                "type": "get_attr",
                "value": "site_config"
              },
              {
                "type": "index",
                "value": {
                  "value": 0,
                  "type": "number"
                }
              },
              {
                "type": "get_attr",
                "value": "application_stack"
              },
              {
                "type": "index",
                "value": {
                  "value": 0,
                  "type": "number"
                }
              },
              {
                "type": "get_attr",
                "value": "docker_registry_password"
              }
            ]
          ],
          "private": "eyJlMmJmYjczMC1lY2FhLTExZTYtOGY4OC0zNDM2M2JjN2M0YzAiOnsiY3JlYXRlIjoxODAwMDAwMDAwMDAwLCJkZWxldGUiOjE4MDAwMDAwMDAwMDAsInJlYWQiOjMwMDAwMDAwMDAwMCwidXBkYXRlIjoxODAwMDAwMDAwMDAwfSwic2NoZW1hX3ZlcnNpb24iOiIxIn0=",
          "dependencies": [
            "azurerm_postgresql_flexible_server.postgres_qc",
            "azurerm_private_dns_zone.pg_dns",
            "azurerm_resource_group.rg",
            "azurerm_service_plan.plan",
            "azurerm_subnet.pg_subnet",
            "azurerm_virtual_network.vnet",
            "random_string.webapp_suffix"
          ]
        }
      ]
    },
    {
      "mode": "managed",
      "type": "azurerm_postgresql_flexible_server",
      "name": "postgres_qc",
      "provider": "provider[\"registry.terraform.io/hashicorp/azurerm\"]",
      "instances": [
        {
          "schema_version": 0,
          "attributes": {
            "administrator_login": "pgadmin",
            "administrator_password": "MySecureP@ss123",
            "authentication": [
              {
                "active_directory_auth_enabled": false,
                "password_auth_enabled": true,
                "tenant_id": ""
              }
            ],
            "auto_grow_enabled": false,
            "backup_retention_days": 7,
            "create_mode": null,
            "customer_managed_key": [],
            "delegated_subnet_id": "/subscriptions/4d1dfefd-14f4-460e-810b-861a3d7917c3/resourceGroups/rg-appservice-agw-private/providers/Microsoft.Network/virtualNetworks/vnet-app/subnets/pg-subnet",
            "fqdn": "pgflexserverdemo.postgres.database.azure.com",
            "geo_redundant_backup_enabled": false,
            "high_availability": [],
            "id": "/subscriptions/4d1dfefd-14f4-460e-810b-861a3d7917c3/resourceGroups/rg-appservice-agw-private/providers/Microsoft.DBforPostgreSQL/flexibleServers/pgflexserverdemo",
            "identity": [],
            "location": "canadacentral",
            "maintenance_window": [],
            "name": "pgflexserverdemo",
            "point_in_time_restore_time_in_utc": null,
            "private_dns_zone_id": "/subscriptions/4d1dfefd-14f4-460e-810b-861a3d7917c3/resourceGroups/rg-appservice-agw-private/providers/Microsoft.Network/privateDnsZones/privatelink.postgres.database.azure.com",
            "public_network_access_enabled": false,
            "replication_role": "",
            "resource_group_name": "rg-appservice-agw-private",
            "sku_name": "B_Standard_B1ms",
            "source_server_id": null,
            "storage_mb": 32768,
            "storage_tier": "P4",
            "tags": {},
            "timeouts": null,
            "version": "16",
            "zone": "1"
          },
          "sensitive_attributes": [
            [
              {
                "type": "get_attr",
                "value": "administrator_password"
              }
            ]
          ],
          "private": "eyJlMmJmYjczMC1lY2FhLTExZTYtOGY4OC0zNDM2M2JjN2M0YzAiOnsiY3JlYXRlIjozNjAwMDAwMDAwMDAwLCJkZWxldGUiOjM2MDAwMDAwMDAwMDAsInJlYWQiOjMwMDAwMDAwMDAwMCwidXBkYXRlIjozNjAwMDAwMDAwMDAwfX0=",
          "dependencies": [
            "azurerm_private_dns_zone.pg_dns",
            "azurerm_resource_group.rg",
            "azurerm_subnet.pg_subnet",
            "azurerm_virtual_network.vnet"
          ]
        }
      ]
    },
    {
      "mode": "managed",
      "type": "azurerm_postgresql_flexible_server_database",
      "name": "qc_db",
      "provider": "provider[\"registry.terraform.io/hashicorp/azurerm\"]",
      "instances": [
        {
          "schema_version": 0,
          "attributes": {
            "charset": "UTF8",
            "collation": "en_US.utf8",
            "id": "/subscriptions/4d1dfefd-14f4-460e-810b-861a3d7917c3/resourceGroups/rg-appservice-agw-private/providers/Microsoft.DBforPostgreSQL/flexibleServers/pgflexserverdemo/databases/qc_db",
            "name": "qc_db",
            "server_id": "/subscriptions/4d1dfefd-14f4-460e-810b-861a3d7917c3/resourceGroups/rg-appservice-agw-private/providers/Microsoft.DBforPostgreSQL/flexibleServers/pgflexserverdemo",
            "timeouts": null
          },
          "sensitive_attributes": [],
          "private": "eyJlMmJmYjczMC1lY2FhLTExZTYtOGY4OC0zNDM2M2JjN2M0YzAiOnsiY3JlYXRlIjoxODAwMDAwMDAwMDAwLCJkZWxldGUiOjE4MDAwMDAwMDAwMDAsInJlYWQiOjMwMDAwMDAwMDAwMH19",
          "dependencies": [
            "azurerm_postgresql_flexible_server.postgres_qc",
            "azurerm_private_dns_zone.pg_dns",
            "azurerm_resource_group.rg",
            "azurerm_subnet.pg_subnet",
            "azurerm_virtual_network.vnet"
          ]
        }
      ]
    },
    {
      "mode": "managed",
      "type": "azurerm_private_dns_zone",
      "name": "pg_dns",
      "provider": "provider[\"registry.terraform.io/hashicorp/azurerm\"]",
      "instances": [
        {
          "schema_version": 0,
          "attributes": {
            "id": "/subscriptions/4d1dfefd-14f4-460e-810b-861a3d7917c3/resourceGroups/rg-appservice-agw-private/providers/Microsoft.Network/privateDnsZones/privatelink.postgres.database.azure.com",
            "max_number_of_record_sets": 25000,
            "max_number_of_virtual_network_links": 1000,
            "max_number_of_virtual_network_links_with_registration": 100,
            "name": "privatelink.postgres.database.azure.com",
            "number_of_record_sets": 2,
            "resource_group_name": "rg-appservice-agw-private",
            "soa_record": [
              {
                "email": "azureprivatedns-host.microsoft.com",
                "expire_time": 2419200,
                "fqdn": "privatelink.postgres.database.azure.com.",
                "host_name": "azureprivatedns.net",
                "minimum_ttl": 10,
                "refresh_time": 3600,
                "retry_time": 300,
                "serial_number": 1,
                "tags": {},
                "ttl": 3600
              }
            ],
            "tags": {},
            "timeouts": null
          },
          "sensitive_attributes": [],
          "private": "eyJlMmJmYjczMC1lY2FhLTExZTYtOGY4OC0zNDM2M2JjN2M0YzAiOnsiY3JlYXRlIjoxODAwMDAwMDAwMDAwLCJkZWxldGUiOjE4MDAwMDAwMDAwMDAsInJlYWQiOjMwMDAwMDAwMDAwMCwidXBkYXRlIjoxODAwMDAwMDAwMDAwfX0=",
          "dependencies": [
            "azurerm_resource_group.rg"
          ]
        }
      ]
    },
    {
      "mode": "managed",
      "type": "azurerm_private_dns_zone",
      "name": "webapp_dns",
      "provider": "provider[\"registry.terraform.io/hashicorp/azurerm\"]",
      "instances": [
        {
          "schema_version": 0,
          "attributes": {
            "id": "/subscriptions/4d1dfefd-14f4-460e-810b-861a3d7917c3/resourceGroups/rg-appservice-agw-private/providers/Microsoft.Network/privateDnsZones/privatelink.azurewebsites.net",
            "max_number_of_record_sets": 25000,
            "max_number_of_virtual_network_links": 1000,
            "max_number_of_virtual_network_links_with_registration": 100,
            "name": "privatelink.azurewebsites.net",
            "number_of_record_sets": 3,
            "resource_group_name": "rg-appservice-agw-private",
            "soa_record": [
              {
                "email": "azureprivatedns-host.microsoft.com",
                "expire_time": 2419200,
                "fqdn": "privatelink.azurewebsites.net.",
                "host_name": "azureprivatedns.net",
                "minimum_ttl": 10,
                "refresh_time": 3600,
                "retry_time": 300,
                "serial_number": 1,
                "tags": {},
                "ttl": 3600
              }
            ],
            "tags": {},
            "timeouts": null
          },
          "sensitive_attributes": [],
          "private": "eyJlMmJmYjczMC1lY2FhLTExZTYtOGY4OC0zNDM2M2JjN2M0YzAiOnsiY3JlYXRlIjoxODAwMDAwMDAwMDAwLCJkZWxldGUiOjE4MDAwMDAwMDAwMDAsInJlYWQiOjMwMDAwMDAwMDAwMCwidXBkYXRlIjoxODAwMDAwMDAwMDAwfX0=",
          "dependencies": [
            "azurerm_resource_group.rg"
          ]
        }
      ]
    },
    {
      "mode": "managed",
      "type": "azurerm_private_dns_zone_virtual_network_link",
      "name": "link",
      "provider": "provider[\"registry.terraform.io/hashicorp/azurerm\"]",
      "instances": [
        {
          "schema_version": 0,
          "attributes": {
            "id": "/subscriptions/4d1dfefd-14f4-460e-810b-861a3d7917c3/resourceGroups/rg-appservice-agw-private/providers/Microsoft.Network/privateDnsZones/privatelink.azurewebsites.net/virtualNetworkLinks/dns-link",
            "name": "dns-link",
            "private_dns_zone_name": "privatelink.azurewebsites.net",
            "registration_enabled": false,
            "resource_group_name": "rg-appservice-agw-private",
            "tags": {},
            "timeouts": null,
            "virtual_network_id": "/subscriptions/4d1dfefd-14f4-460e-810b-861a3d7917c3/resourceGroups/rg-appservice-agw-private/providers/Microsoft.Network/virtualNetworks/vnet-app"
          },
          "sensitive_attributes": [],
          "private": "eyJlMmJmYjczMC1lY2FhLTExZTYtOGY4OC0zNDM2M2JjN2M0YzAiOnsiY3JlYXRlIjoxODAwMDAwMDAwMDAwLCJkZWxldGUiOjE4MDAwMDAwMDAwMDAsInJlYWQiOjMwMDAwMDAwMDAwMCwidXBkYXRlIjoxODAwMDAwMDAwMDAwfX0=",
          "dependencies": [
            "azurerm_private_dns_zone.webapp_dns",
            "azurerm_resource_group.rg",
            "azurerm_virtual_network.vnet"
          ]
        }
      ]
    },
    {
      "mode": "managed",
      "type": "azurerm_private_dns_zone_virtual_network_link",
      "name": "pg_link",
      "provider": "provider[\"registry.terraform.io/hashicorp/azurerm\"]",
      "instances": [
        {
          "schema_version": 0,
          "attributes": {
            "id": "/subscriptions/4d1dfefd-14f4-460e-810b-861a3d7917c3/resourceGroups/rg-appservice-agw-private/providers/Microsoft.Network/privateDnsZones/privatelink.postgres.database.azure.com/virtualNetworkLinks/pg-dns-link",
            "name": "pg-dns-link",
            "private_dns_zone_name": "privatelink.postgres.database.azure.com",
            "registration_enabled": false,
            "resource_group_name": "rg-appservice-agw-private",
            "tags": {},
            "timeouts": null,
            "virtual_network_id": "/subscriptions/4d1dfefd-14f4-460e-810b-861a3d7917c3/resourceGroups/rg-appservice-agw-private/providers/Microsoft.Network/virtualNetworks/vnet-app"
          },
          "sensitive_attributes": [],
          "private": "eyJlMmJmYjczMC1lY2FhLTExZTYtOGY4OC0zNDM2M2JjN2M0YzAiOnsiY3JlYXRlIjoxODAwMDAwMDAwMDAwLCJkZWxldGUiOjE4MDAwMDAwMDAwMDAsInJlYWQiOjMwMDAwMDAwMDAwMCwidXBkYXRlIjoxODAwMDAwMDAwMDAwfX0=",
          "dependencies": [
            "azurerm_private_dns_zone.pg_dns",
            "azurerm_resource_group.rg",
            "azurerm_virtual_network.vnet"
          ]
        }
      ]
    },
    {
      "mode": "managed",
      "type": "azurerm_private_endpoint",
      "name": "webapp_pe",
      "provider": "provider[\"registry.terraform.io/hashicorp/azurerm\"]",
      "instances": [
        {
          "schema_version": 0,
          "attributes": {
            "custom_dns_configs": [],
            "custom_network_interface_name": "",
            "id": "/subscriptions/4d1dfefd-14f4-460e-810b-861a3d7917c3/resourceGroups/rg-appservice-agw-private/providers/Microsoft.Network/privateEndpoints/webapp-private-endpoint",
            "ip_configuration": [],
            "location": "canadacentral",
            "name": "webapp-private-endpoint",
            "network_interface": [
              {
                "id": "/subscriptions/4d1dfefd-14f4-460e-810b-861a3d7917c3/resourceGroups/rg-appservice-agw-private/providers/Microsoft.Network/networkInterfaces/webapp-private-endpoint.nic.67011686-47c1-49a6-95d5-8a7dbad1ba3b",
                "name": "webapp-private-endpoint.nic.67011686-47c1-49a6-95d5-8a7dbad1ba3b"
              }
            ],
            "private_dns_zone_configs": [
              {
                "id": "/subscriptions/4d1dfefd-14f4-460e-810b-861a3d7917c3/resourceGroups/rg-appservice-agw-private/providers/Microsoft.Network/privateEndpoints/webapp-private-endpoint/privateDnsZoneGroups/webapp-dns-group/privateDnsZoneConfigs/privatelink.azurewebsites.net",
                "name": "privatelink.azurewebsites.net",
                "private_dns_zone_id": "/subscriptions/4d1dfefd-14f4-460e-810b-861a3d7917c3/resourceGroups/rg-appservice-agw-private/providers/Microsoft.Network/privateDnsZones/privatelink.azurewebsites.net",
                "record_sets": [
                  {
                    "fqdn": "webapp-private-demo-q8xvsb.privatelink.azurewebsites.net",
                    "ip_addresses": [
                      "10.0.2.4"
                    ],
                    "name": "webapp-private-demo-q8xvsb",
                    "ttl": 10,
                    "type": "A"
                  },
                  {
                    "fqdn": "webapp-private-demo-q8xvsb.scm.privatelink.azurewebsites.net",
                    "ip_addresses": [
                      "10.0.2.4"
                    ],
                    "name": "webapp-private-demo-q8xvsb.scm",
                    "ttl": 10,
                    "type": "A"
                  }
                ]
              }
            ],
            "private_dns_zone_group": [
              {
                "id": "/subscriptions/4d1dfefd-14f4-460e-810b-861a3d7917c3/resourceGroups/rg-appservice-agw-private/providers/Microsoft.Network/privateEndpoints/webapp-private-endpoint/privateDnsZoneGroups/webapp-dns-group",
                "name": "webapp-dns-group",
                "private_dns_zone_ids": [
                  "/subscriptions/4d1dfefd-14f4-460e-810b-861a3d7917c3/resourceGroups/rg-appservice-agw-private/providers/Microsoft.Network/privateDnsZones/privatelink.azurewebsites.net"
                ]
              }
            ],
            "private_service_connection": [
              {
                "is_manual_connection": false,
                "name": "webapp-privatesc",
                "private_connection_resource_alias": "",
                "private_connection_resource_id": "/subscriptions/4d1dfefd-14f4-460e-810b-861a3d7917c3/resourceGroups/rg-appservice-agw-private/providers/Microsoft.Web/sites/webapp-private-demo-q8xvsb",
                "private_ip_address": "10.0.2.4",
                "request_message": "",
                "subresource_names": [
                  "sites"
                ]
              }
            ],
            "resource_group_name": "rg-appservice-agw-private",
            "subnet_id": "/subscriptions/4d1dfefd-14f4-460e-810b-861a3d7917c3/resourceGroups/rg-appservice-agw-private/providers/Microsoft.Network/virtualNetworks/vnet-app/subnets/pe-subnet",
            "tags": {},
            "timeouts": null
          },
          "sensitive_attributes": [],
          "private": "eyJlMmJmYjczMC1lY2FhLTExZTYtOGY4OC0zNDM2M2JjN2M0YzAiOnsiY3JlYXRlIjozNjAwMDAwMDAwMDAwLCJkZWxldGUiOjM2MDAwMDAwMDAwMDAsInJlYWQiOjMwMDAwMDAwMDAwMCwidXBkYXRlIjozNjAwMDAwMDAwMDAwfX0=",
          "dependencies": [
            "azurerm_linux_web_app.webapp",
            "azurerm_postgresql_flexible_server.postgres_qc",
            "azurerm_private_dns_zone.pg_dns",
            "azurerm_private_dns_zone.webapp_dns",
            "azurerm_resource_group.rg",
            "azurerm_service_plan.plan",
            "azurerm_subnet.pe_subnet",
            "azurerm_subnet.pg_subnet",
            "azurerm_virtual_network.vnet",
            "random_string.webapp_suffix"
          ]
        }
      ]
    },
    {
      "mode": "managed",
      "type": "azurerm_public_ip",
      "name": "agw_pip",
      "provider": "provider[\"registry.terraform.io/hashicorp/azurerm\"]",
      "instances": [
        {
          "schema_version": 0,
          "attributes": {
            "allocation_method": "Static",
            "ddos_protection_mode": "VirtualNetworkInherited",
            "ddos_protection_plan_id": null,
            "domain_name_label": null,
            "edge_zone": "",
            "fqdn": null,
            "id": "/subscriptions/4d1dfefd-14f4-460e-810b-861a3d7917c3/resourceGroups/rg-appservice-agw-private/providers/Microsoft.Network/publicIPAddresses/agw-public-ip",
            "idle_timeout_in_minutes": 4,
            "ip_address": "4.205.240.194",
            "ip_tags": {},
            "ip_version": "IPv4",
            "location": "canadacentral",
            "name": "agw-public-ip",
            "public_ip_prefix_id": null,
            "resource_group_name": "rg-appservice-agw-private",
            "reverse_fqdn": null,
            "sku": "Standard",
            "sku_tier": "Regional",
            "tags": {},
            "timeouts": null,
            "zones": []
          },
          "sensitive_attributes": [],
          "private": "eyJlMmJmYjczMC1lY2FhLTExZTYtOGY4OC0zNDM2M2JjN2M0YzAiOnsiY3JlYXRlIjoxODAwMDAwMDAwMDAwLCJkZWxldGUiOjE4MDAwMDAwMDAwMDAsInJlYWQiOjMwMDAwMDAwMDAwMCwidXBkYXRlIjoxODAwMDAwMDAwMDAwfX0=",
          "dependencies": [
            "azurerm_resource_group.rg"
          ]
        }
      ]
    },
    {
      "mode": "managed",
      "type": "azurerm_resource_group",
      "name": "rg",
      "provider": "provider[\"registry.terraform.io/hashicorp/azurerm\"]",
      "instances": [
        {
          "schema_version": 0,
          "attributes": {
            "id": "/subscriptions/4d1dfefd-14f4-460e-810b-861a3d7917c3/resourceGroups/rg-appservice-agw-private",
            "location": "canadacentral",
            "managed_by": "",
            "name": "rg-appservice-agw-private",
            "tags": {},
            "timeouts": null
          },
          "sensitive_attributes": [],
          "private": "eyJlMmJmYjczMC1lY2FhLTExZTYtOGY4OC0zNDM2M2JjN2M0YzAiOnsiY3JlYXRlIjo1NDAwMDAwMDAwMDAwLCJkZWxldGUiOjU0MDAwMDAwMDAwMDAsInJlYWQiOjMwMDAwMDAwMDAwMCwidXBkYXRlIjo1NDAwMDAwMDAwMDAwfX0="
        }
      ]
    },
    {
      "mode": "managed",
      "type": "azurerm_service_plan",
      "name": "plan",
      "provider": "provider[\"registry.terraform.io/hashicorp/azurerm\"]",
      "instances": [
        {
          "schema_version": 1,
          "attributes": {
            "app_service_environment_id": "",
            "id": "/subscriptions/4d1dfefd-14f4-460e-810b-861a3d7917c3/resourceGroups/rg-appservice-agw-private/providers/Microsoft.Web/serverFarms/appservice-plan-qc",
            "kind": "linux",
            "location": "canadacentral",
            "maximum_elastic_worker_count": 1,
            "name": "appservice-plan-qc",
            "os_type": "Linux",
            "per_site_scaling_enabled": false,
            "reserved": true,
            "resource_group_name": "rg-appservice-agw-private",
            "sku_name": "P1v2",
            "tags": {},
            "timeouts": null,
            "worker_count": 1,
            "zone_balancing_enabled": false
          },
          "sensitive_attributes": [],
          "private": "eyJlMmJmYjczMC1lY2FhLTExZTYtOGY4OC0zNDM2M2JjN2M0YzAiOnsiY3JlYXRlIjozNjAwMDAwMDAwMDAwLCJkZWxldGUiOjM2MDAwMDAwMDAwMDAsInJlYWQiOjMwMDAwMDAwMDAwMCwidXBkYXRlIjozNjAwMDAwMDAwMDAwfSwic2NoZW1hX3ZlcnNpb24iOiIxIn0=",
          "dependencies": [
            "azurerm_resource_group.rg"
          ]
        }
      ]
    },
    {
      "mode": "managed",
      "type": "azurerm_subnet",
      "name": "agw_subnet",
      "provider": "provider[\"registry.terraform.io/hashicorp/azurerm\"]",
      "instances": [
        {
          "schema_version": 0,
          "attributes": {
            "address_prefixes": [
              "10.0.1.0/24"
            ],
            "default_outbound_access_enabled": true,
            "delegation": [],
            "enforce_private_link_endpoint_network_policies": false,
            "enforce_private_link_service_network_policies": false,
            "id": "/subscriptions/4d1dfefd-14f4-460e-810b-861a3d7917c3/resourceGroups/rg-appservice-agw-private/providers/Microsoft.Network/virtualNetworks/vnet-app/subnets/agw-subnet",
            "name": "agw-subnet",
            "private_endpoint_network_policies": "Enabled",
            "private_endpoint_network_policies_enabled": true,
            "private_link_service_network_policies_enabled": true,
            "resource_group_name": "rg-appservice-agw-private",
            "service_endpoint_policy_ids": [],
            "service_endpoints": [],
            "timeouts": null,
            "virtual_network_name": "vnet-app"
          },
          "sensitive_attributes": [],
          "private": "eyJlMmJmYjczMC1lY2FhLTExZTYtOGY4OC0zNDM2M2JjN2M0YzAiOnsiY3JlYXRlIjoxODAwMDAwMDAwMDAwLCJkZWxldGUiOjE4MDAwMDAwMDAwMDAsInJlYWQiOjMwMDAwMDAwMDAwMCwidXBkYXRlIjoxODAwMDAwMDAwMDAwfX0=",
          "dependencies": [
            "azurerm_resource_group.rg",
            "azurerm_virtual_network.vnet"
          ]
        }
      ]
    },
    {
      "mode": "managed",
      "type": "azurerm_subnet",
      "name": "pe_subnet",
      "provider": "provider[\"registry.terraform.io/hashicorp/azurerm\"]",
      "instances": [
        {
          "schema_version": 0,
          "attributes": {
            "address_prefixes": [
              "10.0.2.0/24"
            ],
            "default_outbound_access_enabled": true,
            "delegation": [],
            "enforce_private_link_endpoint_network_policies": false,
            "enforce_private_link_service_network_policies": false,
            "id": "/subscriptions/4d1dfefd-14f4-460e-810b-861a3d7917c3/resourceGroups/rg-appservice-agw-private/providers/Microsoft.Network/virtualNetworks/vnet-app/subnets/pe-subnet",
            "name": "pe-subnet",
            "private_endpoint_network_policies": "Enabled",
            "private_endpoint_network_policies_enabled": true,
            "private_link_service_network_policies_enabled": true,
            "resource_group_name": "rg-appservice-agw-private",
            "service_endpoint_policy_ids": [],
            "service_endpoints": [],
            "timeouts": null,
            "virtual_network_name": "vnet-app"
          },
          "sensitive_attributes": [],
          "private": "eyJlMmJmYjczMC1lY2FhLTExZTYtOGY4OC0zNDM2M2JjN2M0YzAiOnsiY3JlYXRlIjoxODAwMDAwMDAwMDAwLCJkZWxldGUiOjE4MDAwMDAwMDAwMDAsInJlYWQiOjMwMDAwMDAwMDAwMCwidXBkYXRlIjoxODAwMDAwMDAwMDAwfX0=",
          "dependencies": [
            "azurerm_resource_group.rg",
            "azurerm_virtual_network.vnet"
          ]
        }
      ]
    },
    {
      "mode": "managed",
      "type": "azurerm_subnet",
      "name": "pg_subnet",
      "provider": "provider[\"registry.terraform.io/hashicorp/azurerm\"]",
      "instances": [
        {
          "schema_version": 0,
          "attributes": {
            "address_prefixes": [
              "10.0.3.0/24"
            ],
            "default_outbound_access_enabled": true,
            "delegation": [
              {
                "name": "pgDelegation",
                "service_delegation": [
                  {
                    "actions": [
                      "Microsoft.Network/virtualNetworks/subnets/join/action"
                    ],
                    "name": "Microsoft.DBforPostgreSQL/flexibleServers"
                  }
                ]
              }
            ],
            "enforce_private_link_endpoint_network_policies": false,
            "enforce_private_link_service_network_policies": false,
            "id": "/subscriptions/4d1dfefd-14f4-460e-810b-861a3d7917c3/resourceGroups/rg-appservice-agw-private/providers/Microsoft.Network/virtualNetworks/vnet-app/subnets/pg-subnet",
            "name": "pg-subnet",
            "private_endpoint_network_policies": "Enabled",
            "private_endpoint_network_policies_enabled": true,
            "private_link_service_network_policies_enabled": true,
            "resource_group_name": "rg-appservice-agw-private",
            "service_endpoint_policy_ids": [],
            "service_endpoints": [],
            "timeouts": null,
            "virtual_network_name": "vnet-app"
          },
          "sensitive_attributes": [],
          "private": "eyJlMmJmYjczMC1lY2FhLTExZTYtOGY4OC0zNDM2M2JjN2M0YzAiOnsiY3JlYXRlIjoxODAwMDAwMDAwMDAwLCJkZWxldGUiOjE4MDAwMDAwMDAwMDAsInJlYWQiOjMwMDAwMDAwMDAwMCwidXBkYXRlIjoxODAwMDAwMDAwMDAwfX0=",
          "dependencies": [
            "azurerm_resource_group.rg",
            "azurerm_virtual_network.vnet"
          ]
        }
      ]
    },
    {
      "mode": "managed",
      "type": "azurerm_subnet",
      "name": "webapp_subnet",
      "provider": "provider[\"registry.terraform.io/hashicorp/azurerm\"]",
      "instances": [
        {
          "schema_version": 0,
          "attributes": {
            "address_prefixes": [
              "10.0.4.0/24"
            ],
            "default_outbound_access_enabled": true,
            "delegation": [
              {
                "name": "webAppDelegation",
                "service_delegation": [
                  {
                    "actions": [
                      "Microsoft.Network/virtualNetworks/subnets/action"
                    ],
                    "name": "Microsoft.Web/serverFarms"
                  }
                ]
              }
            ],
            "enforce_private_link_endpoint_network_policies": false,
            "enforce_private_link_service_network_policies": false,
            "id": "/subscriptions/4d1dfefd-14f4-460e-810b-861a3d7917c3/resourceGroups/rg-appservice-agw-private/providers/Microsoft.Network/virtualNetworks/vnet-app/subnets/webapp-subnet",
            "name": "webapp-subnet",
            "private_endpoint_network_policies": "Enabled",
            "private_endpoint_network_policies_enabled": true,
            "private_link_service_network_policies_enabled": true,
            "resource_group_name": "rg-appservice-agw-private",
            "service_endpoint_policy_ids": null,
            "service_endpoints": null,
            "timeouts": null,
            "virtual_network_name": "vnet-app"
          },
          "sensitive_attributes": [],
          "private": "eyJlMmJmYjczMC1lY2FhLTExZTYtOGY4OC0zNDM2M2JjN2M0YzAiOnsiY3JlYXRlIjoxODAwMDAwMDAwMDAwLCJkZWxldGUiOjE4MDAwMDAwMDAwMDAsInJlYWQiOjMwMDAwMDAwMDAwMCwidXBkYXRlIjoxODAwMDAwMDAwMDAwfX0=",
          "dependencies": [
            "azurerm_resource_group.rg",
            "azurerm_virtual_network.vnet"
          ]
        }
      ]
    },
    {
      "mode": "managed",
      "type": "azurerm_virtual_network",
      "name": "vnet",
      "provider": "provider[\"registry.terraform.io/hashicorp/azurerm\"]",
      "instances": [
        {
          "schema_version": 0,
          "attributes": {
            "address_space": [
              "10.0.0.0/16"
            ],
            "bgp_community": "",
            "ddos_protection_plan": [],
            "dns_servers": [],
            "edge_zone": "",
            "encryption": [],
            "flow_timeout_in_minutes": 0,
            "guid": "9c2d0b3b-a743-4834-84e7-d8d7120fac38",
            "id": "/subscriptions/4d1dfefd-14f4-460e-810b-861a3d7917c3/resourceGroups/rg-appservice-agw-private/providers/Microsoft.Network/virtualNetworks/vnet-app",
            "location": "canadacentral",
            "name": "vnet-app",
            "resource_group_name": "rg-appservice-agw-private",
            "subnet": [
              {
                "address_prefix": "10.0.1.0/24",
                "id": "/subscriptions/4d1dfefd-14f4-460e-810b-861a3d7917c3/resourceGroups/rg-appservice-agw-private/providers/Microsoft.Network/virtualNetworks/vnet-app/subnets/agw-subnet",
                "name": "agw-subnet",
                "security_group": ""
              },
              {
                "address_prefix": "10.0.2.0/24",
                "id": "/subscriptions/4d1dfefd-14f4-460e-810b-861a3d7917c3/resourceGroups/rg-appservice-agw-private/providers/Microsoft.Network/virtualNetworks/vnet-app/subnets/pe-subnet",
                "name": "pe-subnet",
                "security_group": ""
              },
              {
                "address_prefix": "10.0.3.0/24",
                "id": "/subscriptions/4d1dfefd-14f4-460e-810b-861a3d7917c3/resourceGroups/rg-appservice-agw-private/providers/Microsoft.Network/virtualNetworks/vnet-app/subnets/pg-subnet",
                "name": "pg-subnet",
                "security_group": ""
              }
            ],
            "tags": {},
            "timeouts": null
          },
          "sensitive_attributes": [],
          "private": "eyJlMmJmYjczMC1lY2FhLTExZTYtOGY4OC0zNDM2M2JjN2M0YzAiOnsiY3JlYXRlIjoxODAwMDAwMDAwMDAwLCJkZWxldGUiOjE4MDAwMDAwMDAwMDAsInJlYWQiOjMwMDAwMDAwMDAwMCwidXBkYXRlIjoxODAwMDAwMDAwMDAwfX0=",
          "dependencies": [
            "azurerm_resource_group.rg"
          ]
        }
      ]
    },
    {
      "mode": "managed",
      "type": "random_string",
      "name": "webapp_suffix",
      "provider": "provider[\"registry.terraform.io/hashicorp/random\"]",
      "instances": [
        {
          "schema_version": 2,
          "attributes": {
            "id": "q8xvsb",
            "keepers": null,
            "length": 6,
            "lower": true,
            "min_lower": 0,
            "min_numeric": 0,
            "min_special": 0,
            "min_upper": 0,
            "number": true,
            "numeric": true,
            "override_special": null,
            "result": "q8xvsb",
            "special": false,
            "upper": false
          },
          "sensitive_attributes": []
        }
      ]
    }
  ],
  "check_results": null
}
